
Microsoft Visual Studio Solution File, Format Version 12.00
# Visual Studio 14
VisualStudioVersion = 14.0.23107.0
MinimumVisualStudioVersion = 10.0.40219.1
Project("{F2A71F9B-5D33-465A-A702-920D77279786}") = "FSharpTasks", "FSharpTasks\FSharpTasks.fsproj", "{8BE40672-F39D-43AA-A323-8B30D3EEF186}"
EndProject
Project("{FAE04EC0-301F-11D3-BF4B-00C04F79EFBC}") = "CSharp", "CSharp\CSharp.csproj", "{2868B5C0-47DD-46F4-9E1D-1CD4761810F0}"
EndProject
Global
	GlobalSection(SolutionConfigurationPlatforms) = preSolution
		Debug|Any CPU = Debug|Any CPU
		Release|Any CPU = Release|Any CPU
	EndGlobalSection
	GlobalSection(ProjectConfigurationPlatforms) = postSolution
		{8BE40672-F39D-43AA-A323-8B30D3EEF186}.Debug|Any CPU.ActiveCfg = Debug|Any CPU
		{8BE40672-F39D-43AA-A323-8B30D3EEF186}.Debug|Any CPU.Build.0 = Debug|Any CPU
		{8BE40672-F39D-43AA-A323-8B30D3EEF186}.Release|Any CPU.ActiveCfg = Release|Any CPU
		{8BE40672-F39D-43AA-A323-8B30D3EEF186}.Release|Any CPU.Build.0 = Release|Any CPU
		{2868B5C0-47DD-46F4-9E1D-1CD4761810F0}.Debug|Any CPU.ActiveCfg = Debug|Any CPU
		{2868B5C0-47DD-46F4-9E1D-1CD4761810F0}.Debug|Any CPU.Build.0 = Debug|Any CPU
		{2868B5C0-47DD-46F4-9E1D-1CD4761810F0}.Release|Any CPU.ActiveCfg = Release|Any CPU
		{2868B5C0-47DD-46F4-9E1D-1CD4761810F0}.Release|Any CPU.Build.0 = Release|Any CPU
	EndGlobalSection
	GlobalSection(SolutionProperties) = preSolution
		HideSolutionNode = FALSE
	EndGlobalSection
EndGlobal
